
Microsoft Visual Studio Solution File, Format Version 12.00
# Visual Studio Version 17
VisualStudioVersion = 17.13.35931.197 d17.13
MinimumVisualStudioVersion = 10.0.40219.1
Project("{FAE04EC0-301F-11D3-BF4B-00C04F79EFBC}") = "BookStoreOnline.API", "BookStoreOnline.API\BookStoreOnline.API.csproj", "{0967A480-409F-4E42-BF90-2D14A0DE0053}"
EndProject
Project("{FAE04EC0-301F-11D3-BF4B-00C04F79EFBC}") = "BookStoreOnline.MVC", "BookStoreOnline.MVC\BookStoreOnline.MVC.csproj", "{92BBAB8E-C2DE-49D7-A680-F6988AC59BDE}"
EndProject
Global
	GlobalSection(SolutionConfigurationPlatforms) = preSolution
		Debug|Any CPU = Debug|Any CPU
		Release|Any CPU = Release|Any CPU
	EndGlobalSection
	GlobalSection(ProjectConfigurationPlatforms) = postSolution
		{0967A480-409F-4E42-BF90-2D14A0DE0053}.Debug|Any CPU.ActiveCfg = Debug|Any CPU
		{0967A480-409F-4E42-BF90-2D14A0DE0053}.Debug|Any CPU.Build.0 = Debug|Any CPU
		{0967A480-409F-4E42-BF90-2D14A0DE0053}.Release|Any CPU.ActiveCfg = Release|Any CPU
		{0967A480-409F-4E42-BF90-2D14A0DE0053}.Release|Any CPU.Build.0 = Release|Any CPU
		{92BBAB8E-C2DE-49D7-A680-F6988AC59BDE}.Debug|Any CPU.ActiveCfg = Debug|Any CPU
		{92BBAB8E-C2DE-49D7-A680-F6988AC59BDE}.Debug|Any CPU.Build.0 = Debug|Any CPU
		{92BBAB8E-C2DE-49D7-A680-F6988AC59BDE}.Release|Any CPU.ActiveCfg = Release|Any CPU
		{92BBAB8E-C2DE-49D7-A680-F6988AC59BDE}.Release|Any CPU.Build.0 = Release|Any CPU
	EndGlobalSection
	GlobalSection(SolutionProperties) = preSolution
		HideSolutionNode = FALSE
	EndGlobalSection
	GlobalSection(ExtensibilityGlobals) = postSolution
		SolutionGuid = {70CF148C-2030-4690-94C0-7D31590DA100}
	EndGlobalSection
EndGlobal
